# This file is automatically @generated by Cargo.
# It is not intended for manual editing.
[[package]]
name = "cfg-if"
version = "0.1.9"
source = "registry+https://github.com/rust-lang/crates.io-index"

[[package]]
name = "cstr"
version = "0.1.7"
source = "registry+https://github.com/rust-lang/crates.io-index"
dependencies = [
 "cstr-macros 0.1.5 (registry+https://github.com/rust-lang/crates.io-index)",
 "procedural-masquerade 0.1.6 (registry+https://github.com/rust-lang/crates.io-index)",
]

[[package]]
name = "cstr-macros"
version = "0.1.5"
source = "registry+https://github.com/rust-lang/crates.io-index"
dependencies = [
 "procedural-masquerade 0.1.6 (registry+https://github.com/rust-lang/crates.io-index)",
 "syn 0.15.36 (registry+https://github.com/rust-lang/crates.io-index)",
]

[[package]]
name = "derive_more"
version = "0.14.1"
source = "registry+https://github.com/rust-lang/crates.io-index"
dependencies = [
 "proc-macro2 0.4.30 (registry+https://github.com/rust-lang/crates.io-index)",
 "quote 0.6.12 (registry+https://github.com/rust-lang/crates.io-index)",
 "rustc_version 0.2.3 (registry+https://github.com/rust-lang/crates.io-index)",
 "syn 0.15.36 (registry+https://github.com/rust-lang/crates.io-index)",
]

[[package]]
name = "libc"
version = "0.2.58"

[[package]]
name = "log"
version = "0.4.6"
source = "registry+https://github.com/rust-lang/crates.io-index"
dependencies = [
 "cfg-if 0.1.9 (registry+https://github.com/rust-lang/crates.io-index)",
]

[[package]]
name = "proc-macro2"
version = "0.4.30"
source = "registry+https://github.com/rust-lang/crates.io-index"
dependencies = [
 "unicode-xid 0.1.0 (registry+https://github.com/rust-lang/crates.io-index)",
]

[[package]]
name = "procedural-masquerade"
version = "0.1.6"
source = "registry+https://github.com/rust-lang/crates.io-index"

[[package]]
name = "quote"
version = "0.6.12"
source = "registry+https://github.com/rust-lang/crates.io-index"
dependencies = [
 "proc-macro2 0.4.30 (registry+https://github.com/rust-lang/crates.io-index)",
]

[[package]]
name = "rust-app"
version = "0.1.0"
dependencies = [
 "cstr 0.1.7 (registry+https://github.com/rust-lang/crates.io-index)",
 "log 0.4.6 (registry+https://github.com/rust-lang/crates.io-index)",
 "zephyr 0.1.0",
 "zephyr-logger 0.1.0",
 "zephyr-macros 0.1.0",
 "zephyr-sys 0.1.0",
]

[[package]]
name = "rustc_version"
version = "0.2.3"
source = "registry+https://github.com/rust-lang/crates.io-index"
dependencies = [
 "semver 0.9.0 (registry+https://github.com/rust-lang/crates.io-index)",
]

[[package]]
name = "semver"
version = "0.9.0"
source = "registry+https://github.com/rust-lang/crates.io-index"
dependencies = [
 "semver-parser 0.7.0 (registry+https://github.com/rust-lang/crates.io-index)",
]

[[package]]
name = "semver-parser"
version = "0.7.0"
source = "registry+https://github.com/rust-lang/crates.io-index"

[[package]]
name = "syn"
version = "0.15.36"
source = "registry+https://github.com/rust-lang/crates.io-index"
dependencies = [
 "proc-macro2 0.4.30 (registry+https://github.com/rust-lang/crates.io-index)",
 "quote 0.6.12 (registry+https://github.com/rust-lang/crates.io-index)",
 "unicode-xid 0.1.0 (registry+https://github.com/rust-lang/crates.io-index)",
]

[[package]]
name = "unicode-xid"
version = "0.1.0"
source = "registry+https://github.com/rust-lang/crates.io-index"

[[package]]
name = "zephyr"
version = "0.1.0"
dependencies = [
 "derive_more 0.14.1 (registry+https://github.com/rust-lang/crates.io-index)",
 "libc 0.2.58",
 "zephyr-sys 0.1.0",
]

[[package]]
name = "zephyr-logger"
version = "0.1.0"
dependencies = [
 "log 0.4.6 (registry+https://github.com/rust-lang/crates.io-index)",
]

[[package]]
name = "zephyr-macros"
version = "0.1.0"
dependencies = [
 "proc-macro2 0.4.30 (registry+https://github.com/rust-lang/crates.io-index)",
 "quote 0.6.12 (registry+https://github.com/rust-lang/crates.io-index)",
]

[[package]]
name = "zephyr-sys"
version = "0.1.0"
dependencies = [
 "libc 0.2.58",
]

[metadata]
"checksum cfg-if 0.1.9 (registry+https://github.com/rust-lang/crates.io-index)" = "b486ce3ccf7ffd79fdeb678eac06a9e6c09fc88d33836340becb8fffe87c5e33"
"checksum cstr 0.1.7 (registry+https://github.com/rust-lang/crates.io-index)" = "19f7a08ed4ecd7e077d4cee63937473e6f7cf57b702a9114ef41751b2cbc0f60"
"checksum cstr-macros 0.1.5 (registry+https://github.com/rust-lang/crates.io-index)" = "0f12dd847ec773fc98d75edba5394cb87d0f35e7ee548a4c81849ca6374b3d48"
"checksum derive_more 0.14.1 (registry+https://github.com/rust-lang/crates.io-index)" = "6d944ac6003ed268757ef1ee686753b57efc5fcf0ebe7b64c9fc81e7e32ff839"
"checksum log 0.4.6 (registry+https://github.com/rust-lang/crates.io-index)" = "c84ec4b527950aa83a329754b01dbe3f58361d1c5efacd1f6d68c494d08a17c6"
"checksum proc-macro2 0.4.30 (registry+https://github.com/rust-lang/crates.io-index)" = "cf3d2011ab5c909338f7887f4fc896d35932e29146c12c8d01da6b22a80ba759"
"checksum procedural-masquerade 0.1.6 (registry+https://github.com/rust-lang/crates.io-index)" = "9a1574a51c3fd37b26d2c0032b649d08a7d51d4cca9c41bbc5bf7118fa4509d0"
"checksum quote 0.6.12 (registry+https://github.com/rust-lang/crates.io-index)" = "faf4799c5d274f3868a4aae320a0a182cbd2baee377b378f080e16a23e9d80db"
"checksum rustc_version 0.2.3 (registry+https://github.com/rust-lang/crates.io-index)" = "138e3e0acb6c9fb258b19b67cb8abd63c00679d2851805ea151465464fe9030a"
"checksum semver 0.9.0 (registry+https://github.com/rust-lang/crates.io-index)" = "1d7eb9ef2c18661902cc47e535f9bc51b78acd254da71d375c2f6720d9a40403"
"checksum semver-parser 0.7.0 (registry+https://github.com/rust-lang/crates.io-index)" = "388a1df253eca08550bef6c72392cfe7c30914bf41df5269b68cbd6ff8f570a3"
"checksum syn 0.15.36 (registry+https://github.com/rust-lang/crates.io-index)" = "8b4f551a91e2e3848aeef8751d0d4eec9489b6474c720fd4c55958d8d31a430c"
"checksum unicode-xid 0.1.0 (registry+https://github.com/rust-lang/crates.io-index)" = "fc72304796d0818e357ead4e000d19c9c174ab23dc11093ac919054d20a6a7fc"
