# This file is automatically @generated by Cargo.
# It is not intended for manual editing.
[[package]]
name = "alloc"
version = "0.0.0"
dependencies = [
 "compiler_builtins",
 "core",
]

[[package]]
name = "autocfg"
version = "0.1.7"
source = "registry+https://github.com/rust-lang/crates.io-index"
checksum = "1d49d90015b3c36167a20fe2810c5cd875ad504b39cff3d4eae7977e6b7c1cb2"

[[package]]
name = "backtrace"
version = "0.3.44"
source = "registry+https://github.com/rust-lang/crates.io-index"
checksum = "e4036b9bf40f3cf16aba72a3d65e8a520fc4bafcdc7079aea8f848c58c5b5536"
dependencies = [
 "backtrace-sys",
 "cfg-if",
 "compiler_builtins",
 "libc",
 "rustc-demangle",
 "rustc-std-workspace-core",
]

[[package]]
name = "backtrace-sys"
version = "0.1.32"
dependencies = [
 "cc",
 "compiler_builtins",
 "libc",
 "rustc-std-workspace-core",
]

[[package]]
name = "build_helper"
version = "0.1.0"

[[package]]
name = "cc"
version = "1.0.50"
source = "registry+https://github.com/rust-lang/crates.io-index"
checksum = "95e28fa049fda1c330bcf9d723be7663a899c4679724b34c81e9f5a326aab8cd"

[[package]]
name = "cfg-if"
version = "0.1.10"
source = "registry+https://github.com/rust-lang/crates.io-index"
checksum = "4785bdd1c96b2a846b2bd7cc02e86b6b3dbf14e7e53446c4f54c92a361040822"
dependencies = [
 "compiler_builtins",
 "rustc-std-workspace-core",
]

[[package]]
name = "cmake"
version = "0.1.42"
source = "registry+https://github.com/rust-lang/crates.io-index"
checksum = "81fb25b677f8bf1eb325017cb6bb8452f87969db0fedb4f757b297bee78a7c62"
dependencies = [
 "cc",
]

[[package]]
name = "compiler_builtins"
version = "0.1.26"
dependencies = [
 "rustc-std-workspace-core",
]

[[package]]
name = "core"
version = "0.0.0"

[[package]]
name = "derive_more"
version = "0.14.1"
source = "registry+https://github.com/rust-lang/crates.io-index"
checksum = "6d944ac6003ed268757ef1ee686753b57efc5fcf0ebe7b64c9fc81e7e32ff839"
dependencies = [
 "proc-macro2",
 "quote",
 "rustc_version",
 "syn",
]

[[package]]
name = "dlmalloc"
version = "0.1.3"
source = "registry+https://github.com/rust-lang/crates.io-index"
checksum = "f283302e035e61c23f2b86b3093e8c6273a4c3125742d6087e96ade001ca5e63"
dependencies = [
 "compiler_builtins",
 "libc",
 "rustc-std-workspace-core",
]

[[package]]
name = "fortanix-sgx-abi"
version = "0.3.3"
source = "registry+https://github.com/rust-lang/crates.io-index"
checksum = "c56c422ef86062869b2d57ae87270608dc5929969dd130a6e248979cf4fb6ca6"
dependencies = [
 "compiler_builtins",
 "rustc-std-workspace-core",
]

[[package]]
name = "hashbrown"
version = "0.6.3"
source = "registry+https://github.com/rust-lang/crates.io-index"
checksum = "8e6073d0ca812575946eb5f35ff68dbe519907b25c42530389ff946dc84c6ead"
dependencies = [
 "autocfg",
 "compiler_builtins",
 "rustc-std-workspace-alloc",
 "rustc-std-workspace-core",
]

[[package]]
name = "hermit-abi"
version = "0.1.8"
source = "registry+https://github.com/rust-lang/crates.io-index"
checksum = "1010591b26bbfe835e9faeabeb11866061cc7dcebffd56ad7d0942d0e61aefd8"
dependencies = [
 "compiler_builtins",
 "libc",
 "rustc-std-workspace-core",
]

[[package]]
name = "libc"
version = "0.2.67"
dependencies = [
 "rustc-std-workspace-core",
]

[[package]]
name = "panic_abort"
version = "0.0.0"
dependencies = [
 "compiler_builtins",
 "core",
 "libc",
]

[[package]]
name = "proc-macro2"
version = "0.4.30"
source = "registry+https://github.com/rust-lang/crates.io-index"
checksum = "cf3d2011ab5c909338f7887f4fc896d35932e29146c12c8d01da6b22a80ba759"
dependencies = [
 "unicode-xid",
]

[[package]]
name = "quote"
version = "0.6.13"
source = "registry+https://github.com/rust-lang/crates.io-index"
checksum = "6ce23b6b870e8f94f81fb0a363d65d86675884b34a09043c81e5562f11c1f8e1"
dependencies = [
 "proc-macro2",
]

[[package]]
name = "rustc-demangle"
version = "0.1.16"
source = "registry+https://github.com/rust-lang/crates.io-index"
checksum = "4c691c0e608126e00913e33f0ccf3727d5fc84573623b8d65b2df340b5201783"
dependencies = [
 "compiler_builtins",
 "rustc-std-workspace-core",
]

[[package]]
name = "rustc-std-workspace-alloc"
version = "1.99.0"
dependencies = [
 "alloc",
]

[[package]]
name = "rustc-std-workspace-core"
version = "1.99.0"
dependencies = [
 "core",
]

[[package]]
name = "rustc_asan"
version = "0.0.0"
dependencies = [
 "alloc",
 "build_helper",
 "cmake",
 "compiler_builtins",
 "core",
]

[[package]]
name = "rustc_lsan"
version = "0.0.0"
dependencies = [
 "alloc",
 "build_helper",
 "cmake",
 "compiler_builtins",
 "core",
]

[[package]]
name = "rustc_msan"
version = "0.0.0"
dependencies = [
 "alloc",
 "build_helper",
 "cmake",
 "compiler_builtins",
 "core",
]

[[package]]
name = "rustc_tsan"
version = "0.0.0"
dependencies = [
 "alloc",
 "build_helper",
 "cmake",
 "compiler_builtins",
 "core",
]

[[package]]
name = "rustc_version"
version = "0.2.3"
source = "registry+https://github.com/rust-lang/crates.io-index"
checksum = "138e3e0acb6c9fb258b19b67cb8abd63c00679d2851805ea151465464fe9030a"
dependencies = [
 "semver",
]

[[package]]
name = "semver"
version = "0.9.0"
source = "registry+https://github.com/rust-lang/crates.io-index"
checksum = "1d7eb9ef2c18661902cc47e535f9bc51b78acd254da71d375c2f6720d9a40403"
dependencies = [
 "semver-parser",
]

[[package]]
name = "semver-parser"
version = "0.7.0"
source = "registry+https://github.com/rust-lang/crates.io-index"
checksum = "388a1df253eca08550bef6c72392cfe7c30914bf41df5269b68cbd6ff8f570a3"

[[package]]
name = "std"
version = "0.0.0"
dependencies = [
 "alloc",
 "backtrace",
 "cfg-if",
 "compiler_builtins",
 "core",
 "dlmalloc",
 "fortanix-sgx-abi",
 "hashbrown",
 "hermit-abi",
 "libc",
 "panic_abort",
 "rustc_asan",
 "rustc_lsan",
 "rustc_msan",
 "rustc_tsan",
 "unwind",
 "wasi",
 "zephyr-core",
 "zephyr-sys",
]

[[package]]
name = "syn"
version = "0.15.44"
source = "registry+https://github.com/rust-lang/crates.io-index"
checksum = "9ca4b3b69a77cbe1ffc9e198781b7acb0c7365a883670e8f1c1bc66fba79a5c5"
dependencies = [
 "proc-macro2",
 "quote",
 "unicode-xid",
]

[[package]]
name = "sysroot"
version = "0.0.0"
dependencies = [
 "std",
]

[[package]]
name = "time-convert"
version = "0.1.0"
dependencies = [
 "compiler_builtins",
 "rustc-std-workspace-core",
]

[[package]]
name = "unicode-xid"
version = "0.1.0"
source = "registry+https://github.com/rust-lang/crates.io-index"
checksum = "fc72304796d0818e357ead4e000d19c9c174ab23dc11093ac919054d20a6a7fc"

[[package]]
name = "unwind"
version = "0.0.0"
dependencies = [
 "cc",
 "cfg-if",
 "compiler_builtins",
 "core",
 "libc",
]

[[package]]
name = "wasi"
version = "0.9.0+wasi-snapshot-preview1"
source = "registry+https://github.com/rust-lang/crates.io-index"
checksum = "cccddf32554fecc6acb585f82a32a72e28b48f8c4c1883ddfeeeaa96f7d8e519"
dependencies = [
 "compiler_builtins",
 "rustc-std-workspace-alloc",
 "rustc-std-workspace-core",
]

[[package]]
name = "zephyr-core"
version = "0.1.0"
dependencies = [
 "compiler_builtins",
 "derive_more",
 "libc",
 "rustc-std-workspace-core",
 "time-convert",
 "zephyr-sys",
]

[[package]]
name = "zephyr-sys"
version = "0.1.0"
dependencies = [
 "compiler_builtins",
 "libc",
 "rustc-std-workspace-core",
]
